// !$*UTF8*$!
{
	archiveVersion = 1;
	classes = {
	};
	objectVersion = 56;
	objects = {

/* Begin PBXBuildFile section */
		11D4CACE2BF4C9E900C01E5A /* StopWatchViewController.swift in Sources */ = {isa = PBXBuildFile; fileRef = 11D4CACD2BF4C9E900C01E5A /* StopWatchViewController.swift */; };
		11D4CAD02BF4E09E00C01E5A /* LabTimeTableViewCell.swift in Sources */ = {isa = PBXBuildFile; fileRef = 11D4CACF2BF4E09E00C01E5A /* LabTimeTableViewCell.swift */; };
		2EC95FA92BF369190043FDF7 /* TimerViewController.swift in Sources */ = {isa = PBXBuildFile; fileRef = 2EC95FA82BF369190043FDF7 /* TimerViewController.swift */; };
		2EC95FAB2BF369330043FDF7 /* TimeSettingViewController.swift in Sources */ = {isa = PBXBuildFile; fileRef = 2EC95FAA2BF369330043FDF7 /* TimeSettingViewController.swift */; };
		2EC95FAD2BF5CAE50043FDF7 /* CircularTimerViewController.swift in Sources */ = {isa = PBXBuildFile; fileRef = 2EC95FAC2BF5CAE50043FDF7 /* CircularTimerViewController.swift */; };
		AB0766892BF1C5C200CDA2D2 /* AppDelegate.swift in Sources */ = {isa = PBXBuildFile; fileRef = AB0766882BF1C5C200CDA2D2 /* AppDelegate.swift */; };
		AB07668B2BF1C5C200CDA2D2 /* SceneDelegate.swift in Sources */ = {isa = PBXBuildFile; fileRef = AB07668A2BF1C5C200CDA2D2 /* SceneDelegate.swift */; };
		AB07668D2BF1C5C200CDA2D2 /* ViewController.swift in Sources */ = {isa = PBXBuildFile; fileRef = AB07668C2BF1C5C200CDA2D2 /* ViewController.swift */; };
		AB0766902BF1C5C200CDA2D2 /* Base in Resources */ = {isa = PBXBuildFile; fileRef = AB07668F2BF1C5C200CDA2D2 /* Base */; };
		AB0766922BF1C5C300CDA2D2 /* Assets.xcassets in Resources */ = {isa = PBXBuildFile; fileRef = AB0766912BF1C5C300CDA2D2 /* Assets.xcassets */; };
		AB0766952BF1C5C300CDA2D2 /* Base in Resources */ = {isa = PBXBuildFile; fileRef = AB0766942BF1C5C300CDA2D2 /* Base */; };
		AB118D2C2BF1E5A900672AB1 /* AlarmPageVC.swift in Sources */ = {isa = PBXBuildFile; fileRef = AB118D2B2BF1E5A900672AB1 /* AlarmPageVC.swift */; };
		AB118D362BF1E7DD00672AB1 /* SnapKit in Frameworks */ = {isa = PBXBuildFile; productRef = AB118D352BF1E7DD00672AB1 /* SnapKit */; };
		AB118D382BF2478F00672AB1 /* SetAlarmVC.swift in Sources */ = {isa = PBXBuildFile; fileRef = AB118D372BF2478F00672AB1 /* SetAlarmVC.swift */; };
		AB118D3A2BF24E9000672AB1 /* SetDayVC.swift in Sources */ = {isa = PBXBuildFile; fileRef = AB118D392BF24E9000672AB1 /* SetDayVC.swift */; };
		AB118D3C2BF24FEB00672AB1 /* SetSoundVC.swift in Sources */ = {isa = PBXBuildFile; fileRef = AB118D3B2BF24FEB00672AB1 /* SetSoundVC.swift */; };
		AB66D2EB2BF3A6A8000D72DA /* AlarmTableViewCell.swift in Sources */ = {isa = PBXBuildFile; fileRef = AB66D2EA2BF3A6A8000D72DA /* AlarmTableViewCell.swift */; };
		AB66D2F12BF5F6C7000D72DA /* APIDataManager.swift in Sources */ = {isa = PBXBuildFile; fileRef = AB66D2EE2BF5F6C7000D72DA /* APIDataManager.swift */; };
		AB66D2F22BF5F6C7000D72DA /* VocaData.swift in Sources */ = {isa = PBXBuildFile; fileRef = AB66D2EF2BF5F6C7000D72DA /* VocaData.swift */; };
		AB66D2F52BF5F6F0000D72DA /* correct.wav in Resources */ = {isa = PBXBuildFile; fileRef = AB66D2F32BF5F6F0000D72DA /* correct.wav */; };
		AB66D2F62BF5F6F0000D72DA /* ttang.wav in Resources */ = {isa = PBXBuildFile; fileRef = AB66D2F42BF5F6F0000D72DA /* ttang.wav */; };
		AB66D2F92BF5F706000D72DA /* MissionVC.swift in Sources */ = {isa = PBXBuildFile; fileRef = AB66D2F72BF5F706000D72DA /* MissionVC.swift */; };
		AB66D2FA2BF5F706000D72DA /* MissionSuccessVC.swift in Sources */ = {isa = PBXBuildFile; fileRef = AB66D2F82BF5F706000D72DA /* MissionSuccessVC.swift */; };
		AB66D2FE2BF5FE58000D72DA /* TabBarVC.swift in Sources */ = {isa = PBXBuildFile; fileRef = AB66D2FD2BF5FE58000D72DA /* TabBarVC.swift */; };
		AB66D3022BF76C93000D72DA /* Alarm.swift in Sources */ = {isa = PBXBuildFile; fileRef = AB66D3012BF76C93000D72DA /* Alarm.swift */; };
		AB66D3042BFBAFA9000D72DA /* WakeUpVC.swift in Sources */ = {isa = PBXBuildFile; fileRef = AB66D3032BFBAFA9000D72DA /* WakeUpVC.swift */; };
		AB66D30A2BFC736E000D72DA /* UserModel.xcdatamodeld in Sources */ = {isa = PBXBuildFile; fileRef = AB66D3082BFC736E000D72DA /* UserModel.xcdatamodeld */; };
		F162EC4C2BF7685C00720B64 /* CoreData.swift in Sources */ = {isa = PBXBuildFile; fileRef = F162EC4B2BF7685C00720B64 /* CoreData.swift */; };
		F162EC4E2BF7686B00720B64 /* CoreDataManager.swift in Sources */ = {isa = PBXBuildFile; fileRef = F162EC4D2BF7686B00720B64 /* CoreDataManager.swift */; };
/* End PBXBuildFile section */

/* Begin PBXFileReference section */
		11D4CACD2BF4C9E900C01E5A /* StopWatchViewController.swift */ = {isa = PBXFileReference; lastKnownFileType = sourcecode.swift; path = StopWatchViewController.swift; sourceTree = "<group>"; };
		11D4CACF2BF4E09E00C01E5A /* LabTimeTableViewCell.swift */ = {isa = PBXFileReference; fileEncoding = 4; lastKnownFileType = sourcecode.swift; path = LabTimeTableViewCell.swift; sourceTree = "<group>"; };
		2EC95FA82BF369190043FDF7 /* TimerViewController.swift */ = {isa = PBXFileReference; lastKnownFileType = sourcecode.swift; path = TimerViewController.swift; sourceTree = "<group>"; };
		2EC95FAA2BF369330043FDF7 /* TimeSettingViewController.swift */ = {isa = PBXFileReference; lastKnownFileType = sourcecode.swift; path = TimeSettingViewController.swift; sourceTree = "<group>"; };
		2EC95FAC2BF5CAE50043FDF7 /* CircularTimerViewController.swift */ = {isa = PBXFileReference; lastKnownFileType = sourcecode.swift; path = CircularTimerViewController.swift; sourceTree = "<group>"; };
		AB0766852BF1C5C200CDA2D2 /* WakeUpNow.app */ = {isa = PBXFileReference; explicitFileType = wrapper.application; includeInIndex = 0; path = WakeUpNow.app; sourceTree = BUILT_PRODUCTS_DIR; };
		AB0766882BF1C5C200CDA2D2 /* AppDelegate.swift */ = {isa = PBXFileReference; lastKnownFileType = sourcecode.swift; path = AppDelegate.swift; sourceTree = "<group>"; };
		AB07668A2BF1C5C200CDA2D2 /* SceneDelegate.swift */ = {isa = PBXFileReference; lastKnownFileType = sourcecode.swift; path = SceneDelegate.swift; sourceTree = "<group>"; };
		AB07668C2BF1C5C200CDA2D2 /* ViewController.swift */ = {isa = PBXFileReference; lastKnownFileType = sourcecode.swift; path = ViewController.swift; sourceTree = "<group>"; };
		AB07668F2BF1C5C200CDA2D2 /* Base */ = {isa = PBXFileReference; lastKnownFileType = file.storyboard; name = Base; path = Base.lproj/Main.storyboard; sourceTree = "<group>"; };
		AB0766912BF1C5C300CDA2D2 /* Assets.xcassets */ = {isa = PBXFileReference; lastKnownFileType = folder.assetcatalog; path = Assets.xcassets; sourceTree = "<group>"; };
		AB0766942BF1C5C300CDA2D2 /* Base */ = {isa = PBXFileReference; lastKnownFileType = file.storyboard; name = Base; path = Base.lproj/LaunchScreen.storyboard; sourceTree = "<group>"; };
		AB0766962BF1C5C300CDA2D2 /* Info.plist */ = {isa = PBXFileReference; lastKnownFileType = text.plist.xml; path = Info.plist; sourceTree = "<group>"; };
		AB118D2B2BF1E5A900672AB1 /* AlarmPageVC.swift */ = {isa = PBXFileReference; lastKnownFileType = sourcecode.swift; path = AlarmPageVC.swift; sourceTree = "<group>"; };
		AB118D372BF2478F00672AB1 /* SetAlarmVC.swift */ = {isa = PBXFileReference; lastKnownFileType = sourcecode.swift; path = SetAlarmVC.swift; sourceTree = "<group>"; };
		AB118D392BF24E9000672AB1 /* SetDayVC.swift */ = {isa = PBXFileReference; lastKnownFileType = sourcecode.swift; path = SetDayVC.swift; sourceTree = "<group>"; };
		AB118D3B2BF24FEB00672AB1 /* SetSoundVC.swift */ = {isa = PBXFileReference; lastKnownFileType = sourcecode.swift; path = SetSoundVC.swift; sourceTree = "<group>"; };
		AB66D2EA2BF3A6A8000D72DA /* AlarmTableViewCell.swift */ = {isa = PBXFileReference; lastKnownFileType = sourcecode.swift; path = AlarmTableViewCell.swift; sourceTree = "<group>"; };
		AB66D2EE2BF5F6C7000D72DA /* APIDataManager.swift */ = {isa = PBXFileReference; fileEncoding = 4; lastKnownFileType = sourcecode.swift; path = APIDataManager.swift; sourceTree = "<group>"; };
		AB66D2EF2BF5F6C7000D72DA /* VocaData.swift */ = {isa = PBXFileReference; fileEncoding = 4; lastKnownFileType = sourcecode.swift; path = VocaData.swift; sourceTree = "<group>"; };
		AB66D2F32BF5F6F0000D72DA /* correct.wav */ = {isa = PBXFileReference; lastKnownFileType = audio.wav; path = correct.wav; sourceTree = "<group>"; };
		AB66D2F42BF5F6F0000D72DA /* ttang.wav */ = {isa = PBXFileReference; lastKnownFileType = audio.wav; path = ttang.wav; sourceTree = "<group>"; };
		AB66D2F72BF5F706000D72DA /* MissionVC.swift */ = {isa = PBXFileReference; fileEncoding = 4; lastKnownFileType = sourcecode.swift; path = MissionVC.swift; sourceTree = "<group>"; };
		AB66D2F82BF5F706000D72DA /* MissionSuccessVC.swift */ = {isa = PBXFileReference; fileEncoding = 4; lastKnownFileType = sourcecode.swift; path = MissionSuccessVC.swift; sourceTree = "<group>"; };
		AB66D2FD2BF5FE58000D72DA /* TabBarVC.swift */ = {isa = PBXFileReference; lastKnownFileType = sourcecode.swift; path = TabBarVC.swift; sourceTree = "<group>"; };
		AB66D3012BF76C93000D72DA /* Alarm.swift */ = {isa = PBXFileReference; lastKnownFileType = sourcecode.swift; path = Alarm.swift; sourceTree = "<group>"; };
		AB66D3032BFBAFA9000D72DA /* WakeUpVC.swift */ = {isa = PBXFileReference; lastKnownFileType = sourcecode.swift; path = WakeUpVC.swift; sourceTree = "<group>"; };
		AB66D3092BFC736E000D72DA /* UserModel.xcdatamodel */ = {isa = PBXFileReference; lastKnownFileType = wrapper.xcdatamodel; path = UserModel.xcdatamodel; sourceTree = "<group>"; };
		F162EC4B2BF7685C00720B64 /* CoreData.swift */ = {isa = PBXFileReference; lastKnownFileType = sourcecode.swift; path = CoreData.swift; sourceTree = "<group>"; };
		F162EC4D2BF7686B00720B64 /* CoreDataManager.swift */ = {isa = PBXFileReference; lastKnownFileType = sourcecode.swift; path = CoreDataManager.swift; sourceTree = "<group>"; };
/* End PBXFileReference section */

/* Begin PBXFrameworksBuildPhase section */
		AB0766822BF1C5C200CDA2D2 /* Frameworks */ = {
			isa = PBXFrameworksBuildPhase;
			buildActionMask = 2147483647;
			files = (
				AB118D362BF1E7DD00672AB1 /* SnapKit in Frameworks */,
			);
			runOnlyForDeploymentPostprocessing = 0;
		};
/* End PBXFrameworksBuildPhase section */

/* Begin PBXGroup section */
		2EC95FA72BF368F70043FDF7 /* Timer */ = {
			isa = PBXGroup;
			children = (
				2EC95FA82BF369190043FDF7 /* TimerViewController.swift */,
				2EC95FAA2BF369330043FDF7 /* TimeSettingViewController.swift */,
				2EC95FAC2BF5CAE50043FDF7 /* CircularTimerViewController.swift */,
			);
			path = Timer;
			sourceTree = "<group>";
		};
		AB07667C2BF1C5C200CDA2D2 = {
			isa = PBXGroup;
			children = (
				AB0766872BF1C5C200CDA2D2 /* WakeUpNow */,
				AB0766862BF1C5C200CDA2D2 /* Products */,
			);
			sourceTree = "<group>";
		};
		AB0766862BF1C5C200CDA2D2 /* Products */ = {
			isa = PBXGroup;
			children = (
				AB0766852BF1C5C200CDA2D2 /* WakeUpNow.app */,
			);
			name = Products;
			sourceTree = "<group>";
		};
		AB0766872BF1C5C200CDA2D2 /* WakeUpNow */ = {
			isa = PBXGroup;
			children = (
				AB0766882BF1C5C200CDA2D2 /* AppDelegate.swift */,
				AB07668A2BF1C5C200CDA2D2 /* SceneDelegate.swift */,
				AB66D2F02BF5F6C7000D72DA /* Model */,
				AB66D2EC2BF5CAF3000D72DA /* View */,
				AB66D2E82BF3992A000D72DA /* Controller */,
				AB07668C2BF1C5C200CDA2D2 /* ViewController.swift */,
				AB07668E2BF1C5C200CDA2D2 /* Main.storyboard */,
				AB0766912BF1C5C300CDA2D2 /* Assets.xcassets */,
				AB66D2F32BF5F6F0000D72DA /* correct.wav */,
				AB66D2F42BF5F6F0000D72DA /* ttang.wav */,
				AB0766932BF1C5C300CDA2D2 /* LaunchScreen.storyboard */,
				AB0766962BF1C5C300CDA2D2 /* Info.plist */,
				AB66D3082BFC736E000D72DA /* UserModel.xcdatamodeld */,
			);
			path = WakeUpNow;
			sourceTree = "<group>";
		};
		AB66D2E72BF39921000D72DA /* Alarm */ = {
			isa = PBXGroup;
			children = (
				AB118D2B2BF1E5A900672AB1 /* AlarmPageVC.swift */,
				AB118D372BF2478F00672AB1 /* SetAlarmVC.swift */,
				AB118D392BF24E9000672AB1 /* SetDayVC.swift */,
				AB118D3B2BF24FEB00672AB1 /* SetSoundVC.swift */,
				AB66D3032BFBAFA9000D72DA /* WakeUpVC.swift */,
			);
			path = Alarm;
			sourceTree = "<group>";
		};
		AB66D2E82BF3992A000D72DA /* Controller */ = {
			isa = PBXGroup;
			children = (
				AB66D2FC2BF5FDEC000D72DA /* TabBar */,
				AB66D2FB2BF5F747000D72DA /* Mission */,
				2EC95FA72BF368F70043FDF7 /* Timer */,
				AB66D2ED2BF5E117000D72DA /* StopWatch */,
				AB66D2E72BF39921000D72DA /* Alarm */,
			);
			path = Controller;
			sourceTree = "<group>";
		};
		AB66D2E92BF3A687000D72DA /* Cell */ = {
			isa = PBXGroup;
			children = (
				11D4CACF2BF4E09E00C01E5A /* LabTimeTableViewCell.swift */,
				AB66D2EA2BF3A6A8000D72DA /* AlarmTableViewCell.swift */,
			);
			path = Cell;
			sourceTree = "<group>";
		};
		AB66D2EC2BF5CAF3000D72DA /* View */ = {
			isa = PBXGroup;
			children = (
				AB66D2E92BF3A687000D72DA /* Cell */,
			);
			path = View;
			sourceTree = "<group>";
		};
		AB66D2ED2BF5E117000D72DA /* StopWatch */ = {
			isa = PBXGroup;
			children = (
				11D4CACD2BF4C9E900C01E5A /* StopWatchViewController.swift */,
			);
			path = StopWatch;
			sourceTree = "<group>";
		};
		AB66D2F02BF5F6C7000D72DA /* Model */ = {
			isa = PBXGroup;
			children = (
				AB66D2EE2BF5F6C7000D72DA /* APIDataManager.swift */,
				AB66D2EF2BF5F6C7000D72DA /* VocaData.swift */,
				F162EC4D2BF7686B00720B64 /* CoreDataManager.swift */,
				F162EC4B2BF7685C00720B64 /* CoreData.swift */,
				AB66D3012BF76C93000D72DA /* Alarm.swift */,
			);
			path = Model;
			sourceTree = "<group>";
		};
		AB66D2FB2BF5F747000D72DA /* Mission */ = {
			isa = PBXGroup;
			children = (
				AB66D2F82BF5F706000D72DA /* MissionSuccessVC.swift */,
				AB66D2F72BF5F706000D72DA /* MissionVC.swift */,
			);
			path = Mission;
			sourceTree = "<group>";
		};
		AB66D2FC2BF5FDEC000D72DA /* TabBar */ = {
			isa = PBXGroup;
			children = (
				AB66D2FD2BF5FE58000D72DA /* TabBarVC.swift */,
			);
			path = TabBar;
			sourceTree = "<group>";
		};
/* End PBXGroup section */

/* Begin PBXNativeTarget section */
		AB0766842BF1C5C200CDA2D2 /* WakeUpNow */ = {
			isa = PBXNativeTarget;
			buildConfigurationList = AB0766992BF1C5C300CDA2D2 /* Build configuration list for PBXNativeTarget "WakeUpNow" */;
			buildPhases = (
				AB0766812BF1C5C200CDA2D2 /* Sources */,
				AB0766822BF1C5C200CDA2D2 /* Frameworks */,
				AB0766832BF1C5C200CDA2D2 /* Resources */,
			);
			buildRules = (
			);
			dependencies = (
			);
			name = WakeUpNow;
			packageProductDependencies = (
				AB118D352BF1E7DD00672AB1 /* SnapKit */,
			);
			productName = WakeUpNow;
			productReference = AB0766852BF1C5C200CDA2D2 /* WakeUpNow.app */;
			productType = "com.apple.product-type.application";
		};
/* End PBXNativeTarget section */

/* Begin PBXProject section */
		AB07667D2BF1C5C200CDA2D2 /* Project object */ = {
			isa = PBXProject;
			attributes = {
				BuildIndependentTargetsInParallel = 1;
				LastSwiftUpdateCheck = 1530;
				LastUpgradeCheck = 1530;
				TargetAttributes = {
					AB0766842BF1C5C200CDA2D2 = {
						CreatedOnToolsVersion = 15.3;
					};
				};
			};
			buildConfigurationList = AB0766802BF1C5C200CDA2D2 /* Build configuration list for PBXProject "WakeUpNow" */;
			compatibilityVersion = "Xcode 14.0";
			developmentRegion = en;
			hasScannedForEncodings = 0;
			knownRegions = (
				en,
				Base,
			);
			mainGroup = AB07667C2BF1C5C200CDA2D2;
			packageReferences = (
				AB07669C2BF1C6E100CDA2D2 /* XCRemoteSwiftPackageReference "SnapKit" */,
			);
			productRefGroup = AB0766862BF1C5C200CDA2D2 /* Products */;
			projectDirPath = "";
			projectRoot = "";
			targets = (
				AB0766842BF1C5C200CDA2D2 /* WakeUpNow */,
			);
		};
/* End PBXProject section */

/* Begin PBXResourcesBuildPhase section */
		AB0766832BF1C5C200CDA2D2 /* Resources */ = {
			isa = PBXResourcesBuildPhase;
			buildActionMask = 2147483647;
			files = (
				AB0766922BF1C5C300CDA2D2 /* Assets.xcassets in Resources */,
				AB66D2F62BF5F6F0000D72DA /* ttang.wav in Resources */,
				AB66D2F52BF5F6F0000D72DA /* correct.wav in Resources */,
				AB0766952BF1C5C300CDA2D2 /* Base in Resources */,
				AB0766902BF1C5C200CDA2D2 /* Base in Resources */,
			);
			runOnlyForDeploymentPostprocessing = 0;
		};
/* End PBXResourcesBuildPhase section */

/* Begin PBXSourcesBuildPhase section */
		AB0766812BF1C5C200CDA2D2 /* Sources */ = {
			isa = PBXSourcesBuildPhase;
			buildActionMask = 2147483647;
			files = (
				2EC95FA92BF369190043FDF7 /* TimerViewController.swift in Sources */,
				AB66D2F12BF5F6C7000D72DA /* APIDataManager.swift in Sources */,
				AB07668D2BF1C5C200CDA2D2 /* ViewController.swift in Sources */,
				2EC95FAB2BF369330043FDF7 /* TimeSettingViewController.swift in Sources */,
				F162EC4C2BF7685C00720B64 /* CoreData.swift in Sources */,
				2EC95FAD2BF5CAE50043FDF7 /* CircularTimerViewController.swift in Sources */,
				11D4CAD02BF4E09E00C01E5A /* LabTimeTableViewCell.swift in Sources */,
				11D4CACE2BF4C9E900C01E5A /* StopWatchViewController.swift in Sources */,
				AB66D3022BF76C93000D72DA /* Alarm.swift in Sources */,
				AB118D3C2BF24FEB00672AB1 /* SetSoundVC.swift in Sources */,
				AB118D3A2BF24E9000672AB1 /* SetDayVC.swift in Sources */,
				F162EC4E2BF7686B00720B64 /* CoreDataManager.swift in Sources */,
				AB66D2FE2BF5FE58000D72DA /* TabBarVC.swift in Sources */,
				AB66D2F92BF5F706000D72DA /* MissionVC.swift in Sources */,
				AB66D30A2BFC736E000D72DA /* UserModel.xcdatamodeld in Sources */,
				AB07668D2BF1C5C200CDA2D2 /* ViewController.swift in Sources */,
				AB66D2EB2BF3A6A8000D72DA /* AlarmTableViewCell.swift in Sources */,
				AB0766892BF1C5C200CDA2D2 /* AppDelegate.swift in Sources */,
				AB66D2FA2BF5F706000D72DA /* MissionSuccessVC.swift in Sources */,
				AB66D2F22BF5F6C7000D72DA /* VocaData.swift in Sources */,
				AB66D3042BFBAFA9000D72DA /* WakeUpVC.swift in Sources */,
				AB07668B2BF1C5C200CDA2D2 /* SceneDelegate.swift in Sources */,
				AB118D2C2BF1E5A900672AB1 /* AlarmPageVC.swift in Sources */,
				AB118D382BF2478F00672AB1 /* SetAlarmVC.swift in Sources */,
			);
			runOnlyForDeploymentPostprocessing = 0;
		};
/* End PBXSourcesBuildPhase section */

/* Begin PBXVariantGroup section */
		AB07668E2BF1C5C200CDA2D2 /* Main.storyboard */ = {
			isa = PBXVariantGroup;
			children = (
				AB07668F2BF1C5C200CDA2D2 /* Base */,
			);
			name = Main.storyboard;
			sourceTree = "<group>";
		};
		AB0766932BF1C5C300CDA2D2 /* LaunchScreen.storyboard */ = {
			isa = PBXVariantGroup;
			children = (
				AB0766942BF1C5C300CDA2D2 /* Base */,
			);
			name = LaunchScreen.storyboard;
			sourceTree = "<group>";
		};
/* End PBXVariantGroup section */

/* Begin XCBuildConfiguration section */
		AB0766972BF1C5C300CDA2D2 /* Debug */ = {
			isa = XCBuildConfiguration;
			buildSettings = {
				ALWAYS_SEARCH_USER_PATHS = NO;
				ASSETCATALOG_COMPILER_GENERATE_SWIFT_ASSET_SYMBOL_EXTENSIONS = YES;
				CLANG_ANALYZER_NONNULL = YES;
				CLANG_ANALYZER_NUMBER_OBJECT_CONVERSION = YES_AGGRESSIVE;
				CLANG_CXX_LANGUAGE_STANDARD = "gnu++20";
				CLANG_ENABLE_MODULES = YES;
				CLANG_ENABLE_OBJC_ARC = YES;
				CLANG_ENABLE_OBJC_WEAK = YES;
				CLANG_WARN_BLOCK_CAPTURE_AUTORELEASING = YES;
				CLANG_WARN_BOOL_CONVERSION = YES;
				CLANG_WARN_COMMA = YES;
				CLANG_WARN_CONSTANT_CONVERSION = YES;
				CLANG_WARN_DEPRECATED_OBJC_IMPLEMENTATIONS = YES;
				CLANG_WARN_DIRECT_OBJC_ISA_USAGE = YES_ERROR;
				CLANG_WARN_DOCUMENTATION_COMMENTS = YES;
				CLANG_WARN_EMPTY_BODY = YES;
				CLANG_WARN_ENUM_CONVERSION = YES;
				CLANG_WARN_INFINITE_RECURSION = YES;
				CLANG_WARN_INT_CONVERSION = YES;
				CLANG_WARN_NON_LITERAL_NULL_CONVERSION = YES;
				CLANG_WARN_OBJC_IMPLICIT_RETAIN_SELF = YES;
				CLANG_WARN_OBJC_LITERAL_CONVERSION = YES;
				CLANG_WARN_OBJC_ROOT_CLASS = YES_ERROR;
				CLANG_WARN_QUOTED_INCLUDE_IN_FRAMEWORK_HEADER = YES;
				CLANG_WARN_RANGE_LOOP_ANALYSIS = YES;
				CLANG_WARN_STRICT_PROTOTYPES = YES;
				CLANG_WARN_SUSPICIOUS_MOVE = YES;
				CLANG_WARN_UNGUARDED_AVAILABILITY = YES_AGGRESSIVE;
				CLANG_WARN_UNREACHABLE_CODE = YES;
				CLANG_WARN__DUPLICATE_METHOD_MATCH = YES;
				COPY_PHASE_STRIP = NO;
				DEBUG_INFORMATION_FORMAT = dwarf;
				ENABLE_STRICT_OBJC_MSGSEND = YES;
				ENABLE_TESTABILITY = YES;
				ENABLE_USER_SCRIPT_SANDBOXING = YES;
				GCC_C_LANGUAGE_STANDARD = gnu17;
				GCC_DYNAMIC_NO_PIC = NO;
				GCC_NO_COMMON_BLOCKS = YES;
				GCC_OPTIMIZATION_LEVEL = 0;
				GCC_PREPROCESSOR_DEFINITIONS = (
					"DEBUG=1",
					"$(inherited)",
				);
				GCC_WARN_64_TO_32_BIT_CONVERSION = YES;
				GCC_WARN_ABOUT_RETURN_TYPE = YES_ERROR;
				GCC_WARN_UNDECLARED_SELECTOR = YES;
				GCC_WARN_UNINITIALIZED_AUTOS = YES_AGGRESSIVE;
				GCC_WARN_UNUSED_FUNCTION = YES;
				GCC_WARN_UNUSED_VARIABLE = YES;
				IPHONEOS_DEPLOYMENT_TARGET = 17.4;
				LOCALIZATION_PREFERS_STRING_CATALOGS = YES;
				MTL_ENABLE_DEBUG_INFO = INCLUDE_SOURCE;
				MTL_FAST_MATH = YES;
				ONLY_ACTIVE_ARCH = YES;
				SDKROOT = iphoneos;
				SWIFT_ACTIVE_COMPILATION_CONDITIONS = "DEBUG $(inherited)";
				SWIFT_OPTIMIZATION_LEVEL = "-Onone";
			};
			name = Debug;
		};
		AB0766982BF1C5C300CDA2D2 /* Release */ = {
			isa = XCBuildConfiguration;
			buildSettings = {
				ALWAYS_SEARCH_USER_PATHS = NO;
				ASSETCATALOG_COMPILER_GENERATE_SWIFT_ASSET_SYMBOL_EXTENSIONS = YES;
				CLANG_ANALYZER_NONNULL = YES;
				CLANG_ANALYZER_NUMBER_OBJECT_CONVERSION = YES_AGGRESSIVE;
				CLANG_CXX_LANGUAGE_STANDARD = "gnu++20";
				CLANG_ENABLE_MODULES = YES;
				CLANG_ENABLE_OBJC_ARC = YES;
				CLANG_ENABLE_OBJC_WEAK = YES;
				CLANG_WARN_BLOCK_CAPTURE_AUTORELEASING = YES;
				CLANG_WARN_BOOL_CONVERSION = YES;
				CLANG_WARN_COMMA = YES;
				CLANG_WARN_CONSTANT_CONVERSION = YES;
				CLANG_WARN_DEPRECATED_OBJC_IMPLEMENTATIONS = YES;
				CLANG_WARN_DIRECT_OBJC_ISA_USAGE = YES_ERROR;
				CLANG_WARN_DOCUMENTATION_COMMENTS = YES;
				CLANG_WARN_EMPTY_BODY = YES;
				CLANG_WARN_ENUM_CONVERSION = YES;
				CLANG_WARN_INFINITE_RECURSION = YES;
				CLANG_WARN_INT_CONVERSION = YES;
				CLANG_WARN_NON_LITERAL_NULL_CONVERSION = YES;
				CLANG_WARN_OBJC_IMPLICIT_RETAIN_SELF = YES;
				CLANG_WARN_OBJC_LITERAL_CONVERSION = YES;
				CLANG_WARN_OBJC_ROOT_CLASS = YES_ERROR;
				CLANG_WARN_QUOTED_INCLUDE_IN_FRAMEWORK_HEADER = YES;
				CLANG_WARN_RANGE_LOOP_ANALYSIS = YES;
				CLANG_WARN_STRICT_PROTOTYPES = YES;
				CLANG_WARN_SUSPICIOUS_MOVE = YES;
				CLANG_WARN_UNGUARDED_AVAILABILITY = YES_AGGRESSIVE;
				CLANG_WARN_UNREACHABLE_CODE = YES;
				CLANG_WARN__DUPLICATE_METHOD_MATCH = YES;
				COPY_PHASE_STRIP = NO;
				DEBUG_INFORMATION_FORMAT = "dwarf-with-dsym";
				ENABLE_NS_ASSERTIONS = NO;
				ENABLE_STRICT_OBJC_MSGSEND = YES;
				ENABLE_USER_SCRIPT_SANDBOXING = YES;
				GCC_C_LANGUAGE_STANDARD = gnu17;
				GCC_NO_COMMON_BLOCKS = YES;
				GCC_WARN_64_TO_32_BIT_CONVERSION = YES;
				GCC_WARN_ABOUT_RETURN_TYPE = YES_ERROR;
				GCC_WARN_UNDECLARED_SELECTOR = YES;
				GCC_WARN_UNINITIALIZED_AUTOS = YES_AGGRESSIVE;
				GCC_WARN_UNUSED_FUNCTION = YES;
				GCC_WARN_UNUSED_VARIABLE = YES;
				IPHONEOS_DEPLOYMENT_TARGET = 17.4;
				LOCALIZATION_PREFERS_STRING_CATALOGS = YES;
				MTL_ENABLE_DEBUG_INFO = NO;
				MTL_FAST_MATH = YES;
				SDKROOT = iphoneos;
				SWIFT_COMPILATION_MODE = wholemodule;
				VALIDATE_PRODUCT = YES;
			};
			name = Release;
		};
		AB07669A2BF1C5C300CDA2D2 /* Debug */ = {
			isa = XCBuildConfiguration;
			buildSettings = {
				ASSETCATALOG_COMPILER_APPICON_NAME = AppIcon;
				ASSETCATALOG_COMPILER_GLOBAL_ACCENT_COLOR_NAME = AccentColor;
				CODE_SIGN_STYLE = Automatic;
				CURRENT_PROJECT_VERSION = 1;
				GENERATE_INFOPLIST_FILE = YES;
				INFOPLIST_FILE = WakeUpNow/Info.plist;
				INFOPLIST_KEY_UIApplicationSupportsIndirectInputEvents = YES;
				INFOPLIST_KEY_UILaunchStoryboardName = LaunchScreen;
				INFOPLIST_KEY_UIMainStoryboardFile = Main;
				INFOPLIST_KEY_UISupportedInterfaceOrientations_iPad = "UIInterfaceOrientationPortrait UIInterfaceOrientationPortraitUpsideDown UIInterfaceOrientationLandscapeLeft UIInterfaceOrientationLandscapeRight";
				INFOPLIST_KEY_UISupportedInterfaceOrientations_iPhone = "UIInterfaceOrientationPortrait UIInterfaceOrientationLandscapeLeft UIInterfaceOrientationLandscapeRight";
				LD_RUNPATH_SEARCH_PATHS = (
					"$(inherited)",
					"@executable_path/Frameworks",
				);
				MARKETING_VERSION = 1.0;
				PRODUCT_BUNDLE_IDENTIFIER = com.hee.WakeUpNow;
				PRODUCT_NAME = "$(TARGET_NAME)";
				SWIFT_EMIT_LOC_STRINGS = YES;
				SWIFT_VERSION = 5.0;
				TARGETED_DEVICE_FAMILY = "1,2";
			};
			name = Debug;
		};
		AB07669B2BF1C5C300CDA2D2 /* Release */ = {
			isa = XCBuildConfiguration;
			buildSettings = {
				ASSETCATALOG_COMPILER_APPICON_NAME = AppIcon;
				ASSETCATALOG_COMPILER_GLOBAL_ACCENT_COLOR_NAME = AccentColor;
				CODE_SIGN_STYLE = Automatic;
				CURRENT_PROJECT_VERSION = 1;
				GENERATE_INFOPLIST_FILE = YES;
				INFOPLIST_FILE = WakeUpNow/Info.plist;
				INFOPLIST_KEY_UIApplicationSupportsIndirectInputEvents = YES;
				INFOPLIST_KEY_UILaunchStoryboardName = LaunchScreen;
				INFOPLIST_KEY_UIMainStoryboardFile = Main;
				INFOPLIST_KEY_UISupportedInterfaceOrientations_iPad = "UIInterfaceOrientationPortrait UIInterfaceOrientationPortraitUpsideDown UIInterfaceOrientationLandscapeLeft UIInterfaceOrientationLandscapeRight";
				INFOPLIST_KEY_UISupportedInterfaceOrientations_iPhone = "UIInterfaceOrientationPortrait UIInterfaceOrientationLandscapeLeft UIInterfaceOrientationLandscapeRight";
				LD_RUNPATH_SEARCH_PATHS = (
					"$(inherited)",
					"@executable_path/Frameworks",
				);
				MARKETING_VERSION = 1.0;
				PRODUCT_BUNDLE_IDENTIFIER = com.hee.WakeUpNow;
				PRODUCT_NAME = "$(TARGET_NAME)";
				SWIFT_EMIT_LOC_STRINGS = YES;
				SWIFT_VERSION = 5.0;
				TARGETED_DEVICE_FAMILY = "1,2";
			};
			name = Release;
		};
/* End XCBuildConfiguration section */

/* Begin XCConfigurationList section */
		AB0766802BF1C5C200CDA2D2 /* Build configuration list for PBXProject "WakeUpNow" */ = {
			isa = XCConfigurationList;
			buildConfigurations = (
				AB0766972BF1C5C300CDA2D2 /* Debug */,
				AB0766982BF1C5C300CDA2D2 /* Release */,
			);
			defaultConfigurationIsVisible = 0;
			defaultConfigurationName = Release;
		};
		AB0766992BF1C5C300CDA2D2 /* Build configuration list for PBXNativeTarget "WakeUpNow" */ = {
			isa = XCConfigurationList;
			buildConfigurations = (
				AB07669A2BF1C5C300CDA2D2 /* Debug */,
				AB07669B2BF1C5C300CDA2D2 /* Release */,
			);
			defaultConfigurationIsVisible = 0;
			defaultConfigurationName = Release;
		};
/* End XCConfigurationList section */

/* Begin XCRemoteSwiftPackageReference section */
		AB07669C2BF1C6E100CDA2D2 /* XCRemoteSwiftPackageReference "SnapKit" */ = {
			isa = XCRemoteSwiftPackageReference;
			repositoryURL = "https://github.com/SnapKit/SnapKit.git";
			requirement = {
				kind = upToNextMajorVersion;
				minimumVersion = 5.7.1;
			};
		};
/* End XCRemoteSwiftPackageReference section */

/* Begin XCSwiftPackageProductDependency section */
		AB118D352BF1E7DD00672AB1 /* SnapKit */ = {
			isa = XCSwiftPackageProductDependency;
			package = AB07669C2BF1C6E100CDA2D2 /* XCRemoteSwiftPackageReference "SnapKit" */;
			productName = SnapKit;
		};
/* End XCSwiftPackageProductDependency section */

/* Begin XCVersionGroup section */
		AB66D3082BFC736E000D72DA /* UserModel.xcdatamodeld */ = {
			isa = XCVersionGroup;
			children = (
				AB66D3092BFC736E000D72DA /* UserModel.xcdatamodel */,
			);
			currentVersion = AB66D3092BFC736E000D72DA /* UserModel.xcdatamodel */;
			name = UserModel.xcdatamodeld;
			path = /Users/myhan601/Documents/WakeUpNow/WakeUpNow/UserModel.xcdatamodeld;
			sourceTree = "<group>";
			versionGroupType = wrapper.xcdatamodel;
		};
/* End XCVersionGroup section */
	};
	rootObject = AB07667D2BF1C5C200CDA2D2 /* Project object */;
}
