// !$*UTF8*$!
{
	archiveVersion = 1;
	classes = {
	};
	objectVersion = 56;
	objects = {

/* Begin PBXBuildFile section */
		AB0766892BF1C5C200CDA2D2 /* AppDelegate.swift in Sources */ = {isa = PBXBuildFile; fileRef = AB0766882BF1C5C200CDA2D2 /* AppDelegate.swift */; };
		AB07668B2BF1C5C200CDA2D2 /* SceneDelegate.swift in Sources */ = {isa = PBXBuildFile; fileRef = AB07668A2BF1C5C200CDA2D2 /* SceneDelegate.swift */; };
		AB07668D2BF1C5C200CDA2D2 /* ViewController.swift in Sources */ = {isa = PBXBuildFile; fileRef = AB07668C2BF1C5C200CDA2D2 /* ViewController.swift */; };
		AB0766902BF1C5C200CDA2D2 /* Base in Resources */ = {isa = PBXBuildFile; fileRef = AB07668F2BF1C5C200CDA2D2 /* Base */; };
		AB0766922BF1C5C300CDA2D2 /* Assets.xcassets in Resources */ = {isa = PBXBuildFile; fileRef = AB0766912BF1C5C300CDA2D2 /* Assets.xcassets */; };
		AB0766952BF1C5C300CDA2D2 /* Base in Resources */ = {isa = PBXBuildFile; fileRef = AB0766942BF1C5C300CDA2D2 /* Base */; };
		AB07669E2BF1C6E100CDA2D2 /* SnapKit in Frameworks */ = {isa = PBXBuildFile; productRef = AB07669D2BF1C6E100CDA2D2 /* SnapKit */; };
		F162EC452BF4AE4E00720B64 /* ttang.wav in Resources */ = {isa = PBXBuildFile; fileRef = F162EC442BF4AE4E00720B64 /* ttang.wav */; };
		F162EC472BF4B3E800720B64 /* correct.wav in Resources */ = {isa = PBXBuildFile; fileRef = F162EC462BF4B3E800720B64 /* correct.wav */; };
		F1C83BCD2BF1DC9900D29985 /* MissionVC.swift in Sources */ = {isa = PBXBuildFile; fileRef = F1C83BCC2BF1DC9900D29985 /* MissionVC.swift */; };
		F1C83BD32BF1F08200D29985 /* APIDataManager.swift in Sources */ = {isa = PBXBuildFile; fileRef = F1C83BD22BF1F08200D29985 /* APIDataManager.swift */; };
		F1C83BD52BF1F0A400D29985 /* VocaData.swift in Sources */ = {isa = PBXBuildFile; fileRef = F1C83BD42BF1F0A400D29985 /* VocaData.swift */; };
		F1C83BD92BF20FB500D29985 /* MissionSuccessVC.swift in Sources */ = {isa = PBXBuildFile; fileRef = F1C83BD82BF20FB500D29985 /* MissionSuccessVC.swift */; };
/* End PBXBuildFile section */

/* Begin PBXFileReference section */
		AB0766852BF1C5C200CDA2D2 /* WakeUpNow.app */ = {isa = PBXFileReference; explicitFileType = wrapper.application; includeInIndex = 0; path = WakeUpNow.app; sourceTree = BUILT_PRODUCTS_DIR; };
		AB0766882BF1C5C200CDA2D2 /* AppDelegate.swift */ = {isa = PBXFileReference; lastKnownFileType = sourcecode.swift; path = AppDelegate.swift; sourceTree = "<group>"; };
		AB07668A2BF1C5C200CDA2D2 /* SceneDelegate.swift */ = {isa = PBXFileReference; lastKnownFileType = sourcecode.swift; path = SceneDelegate.swift; sourceTree = "<group>"; };
		AB07668C2BF1C5C200CDA2D2 /* ViewController.swift */ = {isa = PBXFileReference; lastKnownFileType = sourcecode.swift; path = ViewController.swift; sourceTree = "<group>"; };
		AB07668F2BF1C5C200CDA2D2 /* Base */ = {isa = PBXFileReference; lastKnownFileType = file.storyboard; name = Base; path = Base.lproj/Main.storyboard; sourceTree = "<group>"; };
		AB0766912BF1C5C300CDA2D2 /* Assets.xcassets */ = {isa = PBXFileReference; lastKnownFileType = folder.assetcatalog; path = Assets.xcassets; sourceTree = "<group>"; };
		AB0766942BF1C5C300CDA2D2 /* Base */ = {isa = PBXFileReference; lastKnownFileType = file.storyboard; name = Base; path = Base.lproj/LaunchScreen.storyboard; sourceTree = "<group>"; };
		AB0766962BF1C5C300CDA2D2 /* Info.plist */ = {isa = PBXFileReference; lastKnownFileType = text.plist.xml; path = Info.plist; sourceTree = "<group>"; };
		F162EC442BF4AE4E00720B64 /* ttang.wav */ = {isa = PBXFileReference; lastKnownFileType = audio.wav; path = ttang.wav; sourceTree = "<group>"; };
		F162EC462BF4B3E800720B64 /* correct.wav */ = {isa = PBXFileReference; lastKnownFileType = audio.wav; path = correct.wav; sourceTree = "<group>"; };
		F1C83BCC2BF1DC9900D29985 /* MissionVC.swift */ = {isa = PBXFileReference; lastKnownFileType = sourcecode.swift; path = MissionVC.swift; sourceTree = "<group>"; };
		F1C83BD22BF1F08200D29985 /* APIDataManager.swift */ = {isa = PBXFileReference; lastKnownFileType = sourcecode.swift; path = APIDataManager.swift; sourceTree = "<group>"; };
		F1C83BD42BF1F0A400D29985 /* VocaData.swift */ = {isa = PBXFileReference; lastKnownFileType = sourcecode.swift; path = VocaData.swift; sourceTree = "<group>"; };
		F1C83BD82BF20FB500D29985 /* MissionSuccessVC.swift */ = {isa = PBXFileReference; lastKnownFileType = sourcecode.swift; path = MissionSuccessVC.swift; sourceTree = "<group>"; };
/* End PBXFileReference section */

/* Begin PBXFrameworksBuildPhase section */
		AB0766822BF1C5C200CDA2D2 /* Frameworks */ = {
			isa = PBXFrameworksBuildPhase;
			buildActionMask = 2147483647;
			files = (
				AB07669E2BF1C6E100CDA2D2 /* SnapKit in Frameworks */,
			);
			runOnlyForDeploymentPostprocessing = 0;
		};
/* End PBXFrameworksBuildPhase section */

/* Begin PBXGroup section */
		AB07667C2BF1C5C200CDA2D2 = {
			isa = PBXGroup;
			children = (
				AB0766872BF1C5C200CDA2D2 /* WakeUpNow */,
				AB0766862BF1C5C200CDA2D2 /* Products */,
			);
			sourceTree = "<group>";
		};
		AB0766862BF1C5C200CDA2D2 /* Products */ = {
			isa = PBXGroup;
			children = (
				AB0766852BF1C5C200CDA2D2 /* WakeUpNow.app */,
			);
			name = Products;
			sourceTree = "<group>";
		};
		AB0766872BF1C5C200CDA2D2 /* WakeUpNow */ = {
			isa = PBXGroup;
			children = (
				AB0766882BF1C5C200CDA2D2 /* AppDelegate.swift */,
				AB07668A2BF1C5C200CDA2D2 /* SceneDelegate.swift */,
				F1C83BD62BF1F0AE00D29985 /* Model */,
				AB07668C2BF1C5C200CDA2D2 /* ViewController.swift */,
				F1C83BCC2BF1DC9900D29985 /* MissionVC.swift */,
				F1C83BD82BF20FB500D29985 /* MissionSuccessVC.swift */,
				AB07668E2BF1C5C200CDA2D2 /* Main.storyboard */,
				AB0766912BF1C5C300CDA2D2 /* Assets.xcassets */,
				F162EC442BF4AE4E00720B64 /* ttang.wav */,
				F162EC462BF4B3E800720B64 /* correct.wav */,
				AB0766932BF1C5C300CDA2D2 /* LaunchScreen.storyboard */,
				AB0766962BF1C5C300CDA2D2 /* Info.plist */,
			);
			path = WakeUpNow;
			sourceTree = "<group>";
		};
		F1C83BD62BF1F0AE00D29985 /* Model */ = {
			isa = PBXGroup;
			children = (
				F1C83BD22BF1F08200D29985 /* APIDataManager.swift */,
				F1C83BD42BF1F0A400D29985 /* VocaData.swift */,
			);
			path = Model;
			sourceTree = "<group>";
		};
/* End PBXGroup section */

/* Begin PBXNativeTarget section */
		AB0766842BF1C5C200CDA2D2 /* WakeUpNow */ = {
			isa = PBXNativeTarget;
			buildConfigurationList = AB0766992BF1C5C300CDA2D2 /* Build configuration list for PBXNativeTarget "WakeUpNow" */;
			buildPhases = (
				AB0766812BF1C5C200CDA2D2 /* Sources */,
				AB0766822BF1C5C200CDA2D2 /* Frameworks */,
				AB0766832BF1C5C200CDA2D2 /* Resources */,
			);
			buildRules = (
			);
			dependencies = (
			);
			name = WakeUpNow;
			packageProductDependencies = (
				AB07669D2BF1C6E100CDA2D2 /* SnapKit */,
			);
			productName = WakeUpNow;
			productReference = AB0766852BF1C5C200CDA2D2 /* WakeUpNow.app */;
			productType = "com.apple.product-type.application";
		};
/* End PBXNativeTarget section */

/* Begin PBXProject section */
		AB07667D2BF1C5C200CDA2D2 /* Project object */ = {
			isa = PBXProject;
			attributes = {
				BuildIndependentTargetsInParallel = 1;
				LastSwiftUpdateCheck = 1530;
				LastUpgradeCheck = 1530;
				TargetAttributes = {
					AB0766842BF1C5C200CDA2D2 = {
						CreatedOnToolsVersion = 15.3;
					};
				};
			};
			buildConfigurationList = AB0766802BF1C5C200CDA2D2 /* Build configuration list for PBXProject "WakeUpNow" */;
			compatibilityVersion = "Xcode 14.0";
			developmentRegion = en;
			hasScannedForEncodings = 0;
			knownRegions = (
				en,
				Base,
			);
			mainGroup = AB07667C2BF1C5C200CDA2D2;
			packageReferences = (
				AB07669C2BF1C6E100CDA2D2 /* XCRemoteSwiftPackageReference "SnapKit" */,
			);
			productRefGroup = AB0766862BF1C5C200CDA2D2 /* Products */;
			projectDirPath = "";
			projectRoot = "";
			targets = (
				AB0766842BF1C5C200CDA2D2 /* WakeUpNow */,
			);
		};
/* End PBXProject section */

/* Begin PBXResourcesBuildPhase section */
		AB0766832BF1C5C200CDA2D2 /* Resources */ = {
			isa = PBXResourcesBuildPhase;
			buildActionMask = 2147483647;
			files = (
				AB0766922BF1C5C300CDA2D2 /* Assets.xcassets in Resources */,
				F162EC452BF4AE4E00720B64 /* ttang.wav in Resources */,
				AB0766952BF1C5C300CDA2D2 /* Base in Resources */,
				F162EC472BF4B3E800720B64 /* correct.wav in Resources */,
				AB0766902BF1C5C200CDA2D2 /* Base in Resources */,
			);
			runOnlyForDeploymentPostprocessing = 0;
		};
/* End PBXResourcesBuildPhase section */

/* Begin PBXSourcesBuildPhase section */
		AB0766812BF1C5C200CDA2D2 /* Sources */ = {
			isa = PBXSourcesBuildPhase;
			buildActionMask = 2147483647;
			files = (
				AB07668D2BF1C5C200CDA2D2 /* ViewController.swift in Sources */,
				F1C83BD92BF20FB500D29985 /* MissionSuccessVC.swift in Sources */,
				F1C83BD32BF1F08200D29985 /* APIDataManager.swift in Sources */,
				F1C83BD52BF1F0A400D29985 /* VocaData.swift in Sources */,
				F1C83BCD2BF1DC9900D29985 /* MissionVC.swift in Sources */,
				AB0766892BF1C5C200CDA2D2 /* AppDelegate.swift in Sources */,
				AB07668B2BF1C5C200CDA2D2 /* SceneDelegate.swift in Sources */,
			);
			runOnlyForDeploymentPostprocessing = 0;
		};
/* End PBXSourcesBuildPhase section */

/* Begin PBXVariantGroup section */
		AB07668E2BF1C5C200CDA2D2 /* Main.storyboard */ = {
			isa = PBXVariantGroup;
			children = (
				AB07668F2BF1C5C200CDA2D2 /* Base */,
			);
			name = Main.storyboard;
			sourceTree = "<group>";
		};
		AB0766932BF1C5C300CDA2D2 /* LaunchScreen.storyboard */ = {
			isa = PBXVariantGroup;
			children = (
				AB0766942BF1C5C300CDA2D2 /* Base */,
			);
			name = LaunchScreen.storyboard;
			sourceTree = "<group>";
		};
/* End PBXVariantGroup section */

/* Begin XCBuildConfiguration section */
		AB0766972BF1C5C300CDA2D2 /* Debug */ = {
			isa = XCBuildConfiguration;
			buildSettings = {
				ALWAYS_SEARCH_USER_PATHS = NO;
				ASSETCATALOG_COMPILER_GENERATE_SWIFT_ASSET_SYMBOL_EXTENSIONS = YES;
				CLANG_ANALYZER_NONNULL = YES;
				CLANG_ANALYZER_NUMBER_OBJECT_CONVERSION = YES_AGGRESSIVE;
				CLANG_CXX_LANGUAGE_STANDARD = "gnu++20";
				CLANG_ENABLE_MODULES = YES;
				CLANG_ENABLE_OBJC_ARC = YES;
				CLANG_ENABLE_OBJC_WEAK = YES;
				CLANG_WARN_BLOCK_CAPTURE_AUTORELEASING = YES;
				CLANG_WARN_BOOL_CONVERSION = YES;
				CLANG_WARN_COMMA = YES;
				CLANG_WARN_CONSTANT_CONVERSION = YES;
				CLANG_WARN_DEPRECATED_OBJC_IMPLEMENTATIONS = YES;
				CLANG_WARN_DIRECT_OBJC_ISA_USAGE = YES_ERROR;
				CLANG_WARN_DOCUMENTATION_COMMENTS = YES;
				CLANG_WARN_EMPTY_BODY = YES;
				CLANG_WARN_ENUM_CONVERSION = YES;
				CLANG_WARN_INFINITE_RECURSION = YES;
				CLANG_WARN_INT_CONVERSION = YES;
				CLANG_WARN_NON_LITERAL_NULL_CONVERSION = YES;
				CLANG_WARN_OBJC_IMPLICIT_RETAIN_SELF = YES;
				CLANG_WARN_OBJC_LITERAL_CONVERSION = YES;
				CLANG_WARN_OBJC_ROOT_CLASS = YES_ERROR;
				CLANG_WARN_QUOTED_INCLUDE_IN_FRAMEWORK_HEADER = YES;
				CLANG_WARN_RANGE_LOOP_ANALYSIS = YES;
				CLANG_WARN_STRICT_PROTOTYPES = YES;
				CLANG_WARN_SUSPICIOUS_MOVE = YES;
				CLANG_WARN_UNGUARDED_AVAILABILITY = YES_AGGRESSIVE;
				CLANG_WARN_UNREACHABLE_CODE = YES;
				CLANG_WARN__DUPLICATE_METHOD_MATCH = YES;
				COPY_PHASE_STRIP = NO;
				DEBUG_INFORMATION_FORMAT = dwarf;
				ENABLE_STRICT_OBJC_MSGSEND = YES;
				ENABLE_TESTABILITY = YES;
				ENABLE_USER_SCRIPT_SANDBOXING = YES;
				GCC_C_LANGUAGE_STANDARD = gnu17;
				GCC_DYNAMIC_NO_PIC = NO;
				GCC_NO_COMMON_BLOCKS = YES;
				GCC_OPTIMIZATION_LEVEL = 0;
				GCC_PREPROCESSOR_DEFINITIONS = (
					"DEBUG=1",
					"$(inherited)",
				);
				GCC_WARN_64_TO_32_BIT_CONVERSION = YES;
				GCC_WARN_ABOUT_RETURN_TYPE = YES_ERROR;
				GCC_WARN_UNDECLARED_SELECTOR = YES;
				GCC_WARN_UNINITIALIZED_AUTOS = YES_AGGRESSIVE;
				GCC_WARN_UNUSED_FUNCTION = YES;
				GCC_WARN_UNUSED_VARIABLE = YES;
				IPHONEOS_DEPLOYMENT_TARGET = 17.4;
				LOCALIZATION_PREFERS_STRING_CATALOGS = YES;
				MTL_ENABLE_DEBUG_INFO = INCLUDE_SOURCE;
				MTL_FAST_MATH = YES;
				ONLY_ACTIVE_ARCH = YES;
				SDKROOT = iphoneos;
				SWIFT_ACTIVE_COMPILATION_CONDITIONS = "DEBUG $(inherited)";
				SWIFT_OPTIMIZATION_LEVEL = "-Onone";
			};
			name = Debug;
		};
		AB0766982BF1C5C300CDA2D2 /* Release */ = {
			isa = XCBuildConfiguration;
			buildSettings = {
				ALWAYS_SEARCH_USER_PATHS = NO;
				ASSETCATALOG_COMPILER_GENERATE_SWIFT_ASSET_SYMBOL_EXTENSIONS = YES;
				CLANG_ANALYZER_NONNULL = YES;
				CLANG_ANALYZER_NUMBER_OBJECT_CONVERSION = YES_AGGRESSIVE;
				CLANG_CXX_LANGUAGE_STANDARD = "gnu++20";
				CLANG_ENABLE_MODULES = YES;
				CLANG_ENABLE_OBJC_ARC = YES;
				CLANG_ENABLE_OBJC_WEAK = YES;
				CLANG_WARN_BLOCK_CAPTURE_AUTORELEASING = YES;
				CLANG_WARN_BOOL_CONVERSION = YES;
				CLANG_WARN_COMMA = YES;
				CLANG_WARN_CONSTANT_CONVERSION = YES;
				CLANG_WARN_DEPRECATED_OBJC_IMPLEMENTATIONS = YES;
				CLANG_WARN_DIRECT_OBJC_ISA_USAGE = YES_ERROR;
				CLANG_WARN_DOCUMENTATION_COMMENTS = YES;
				CLANG_WARN_EMPTY_BODY = YES;
				CLANG_WARN_ENUM_CONVERSION = YES;
				CLANG_WARN_INFINITE_RECURSION = YES;
				CLANG_WARN_INT_CONVERSION = YES;
				CLANG_WARN_NON_LITERAL_NULL_CONVERSION = YES;
				CLANG_WARN_OBJC_IMPLICIT_RETAIN_SELF = YES;
				CLANG_WARN_OBJC_LITERAL_CONVERSION = YES;
				CLANG_WARN_OBJC_ROOT_CLASS = YES_ERROR;
				CLANG_WARN_QUOTED_INCLUDE_IN_FRAMEWORK_HEADER = YES;
				CLANG_WARN_RANGE_LOOP_ANALYSIS = YES;
				CLANG_WARN_STRICT_PROTOTYPES = YES;
				CLANG_WARN_SUSPICIOUS_MOVE = YES;
				CLANG_WARN_UNGUARDED_AVAILABILITY = YES_AGGRESSIVE;
				CLANG_WARN_UNREACHABLE_CODE = YES;
				CLANG_WARN__DUPLICATE_METHOD_MATCH = YES;
				COPY_PHASE_STRIP = NO;
				DEBUG_INFORMATION_FORMAT = "dwarf-with-dsym";
				ENABLE_NS_ASSERTIONS = NO;
				ENABLE_STRICT_OBJC_MSGSEND = YES;
				ENABLE_USER_SCRIPT_SANDBOXING = YES;
				GCC_C_LANGUAGE_STANDARD = gnu17;
				GCC_NO_COMMON_BLOCKS = YES;
				GCC_WARN_64_TO_32_BIT_CONVERSION = YES;
				GCC_WARN_ABOUT_RETURN_TYPE = YES_ERROR;
				GCC_WARN_UNDECLARED_SELECTOR = YES;
				GCC_WARN_UNINITIALIZED_AUTOS = YES_AGGRESSIVE;
				GCC_WARN_UNUSED_FUNCTION = YES;
				GCC_WARN_UNUSED_VARIABLE = YES;
				IPHONEOS_DEPLOYMENT_TARGET = 17.4;
				LOCALIZATION_PREFERS_STRING_CATALOGS = YES;
				MTL_ENABLE_DEBUG_INFO = NO;
				MTL_FAST_MATH = YES;
				SDKROOT = iphoneos;
				SWIFT_COMPILATION_MODE = wholemodule;
				VALIDATE_PRODUCT = YES;
			};
			name = Release;
		};
		AB07669A2BF1C5C300CDA2D2 /* Debug */ = {
			isa = XCBuildConfiguration;
			buildSettings = {
				ASSETCATALOG_COMPILER_APPICON_NAME = AppIcon;
				ASSETCATALOG_COMPILER_GLOBAL_ACCENT_COLOR_NAME = AccentColor;
				CODE_SIGN_STYLE = Automatic;
				CURRENT_PROJECT_VERSION = 1;
				GENERATE_INFOPLIST_FILE = YES;
				INFOPLIST_FILE = WakeUpNow/Info.plist;
				INFOPLIST_KEY_UIApplicationSupportsIndirectInputEvents = YES;
				INFOPLIST_KEY_UILaunchStoryboardName = LaunchScreen;
				INFOPLIST_KEY_UIMainStoryboardFile = Main;
				INFOPLIST_KEY_UISupportedInterfaceOrientations_iPad = "UIInterfaceOrientationPortrait UIInterfaceOrientationPortraitUpsideDown UIInterfaceOrientationLandscapeLeft UIInterfaceOrientationLandscapeRight";
				INFOPLIST_KEY_UISupportedInterfaceOrientations_iPhone = "UIInterfaceOrientationPortrait UIInterfaceOrientationLandscapeLeft UIInterfaceOrientationLandscapeRight";
				LD_RUNPATH_SEARCH_PATHS = (
					"$(inherited)",
					"@executable_path/Frameworks",
				);
				MARKETING_VERSION = 1.0;
				PRODUCT_BUNDLE_IDENTIFIER = com.hee.WakeUpNow;
				PRODUCT_NAME = "$(TARGET_NAME)";
				SWIFT_EMIT_LOC_STRINGS = YES;
				SWIFT_VERSION = 5.0;
				TARGETED_DEVICE_FAMILY = "1,2";
			};
			name = Debug;
		};
		AB07669B2BF1C5C300CDA2D2 /* Release */ = {
			isa = XCBuildConfiguration;
			buildSettings = {
				ASSETCATALOG_COMPILER_APPICON_NAME = AppIcon;
				ASSETCATALOG_COMPILER_GLOBAL_ACCENT_COLOR_NAME = AccentColor;
				CODE_SIGN_STYLE = Automatic;
				CURRENT_PROJECT_VERSION = 1;
				GENERATE_INFOPLIST_FILE = YES;
				INFOPLIST_FILE = WakeUpNow/Info.plist;
				INFOPLIST_KEY_UIApplicationSupportsIndirectInputEvents = YES;
				INFOPLIST_KEY_UILaunchStoryboardName = LaunchScreen;
				INFOPLIST_KEY_UIMainStoryboardFile = Main;
				INFOPLIST_KEY_UISupportedInterfaceOrientations_iPad = "UIInterfaceOrientationPortrait UIInterfaceOrientationPortraitUpsideDown UIInterfaceOrientationLandscapeLeft UIInterfaceOrientationLandscapeRight";
				INFOPLIST_KEY_UISupportedInterfaceOrientations_iPhone = "UIInterfaceOrientationPortrait UIInterfaceOrientationLandscapeLeft UIInterfaceOrientationLandscapeRight";
				LD_RUNPATH_SEARCH_PATHS = (
					"$(inherited)",
					"@executable_path/Frameworks",
				);
				MARKETING_VERSION = 1.0;
				PRODUCT_BUNDLE_IDENTIFIER = com.hee.WakeUpNow;
				PRODUCT_NAME = "$(TARGET_NAME)";
				SWIFT_EMIT_LOC_STRINGS = YES;
				SWIFT_VERSION = 5.0;
				TARGETED_DEVICE_FAMILY = "1,2";
			};
			name = Release;
		};
/* End XCBuildConfiguration section */

/* Begin XCConfigurationList section */
		AB0766802BF1C5C200CDA2D2 /* Build configuration list for PBXProject "WakeUpNow" */ = {
			isa = XCConfigurationList;
			buildConfigurations = (
				AB0766972BF1C5C300CDA2D2 /* Debug */,
				AB0766982BF1C5C300CDA2D2 /* Release */,
			);
			defaultConfigurationIsVisible = 0;
			defaultConfigurationName = Release;
		};
		AB0766992BF1C5C300CDA2D2 /* Build configuration list for PBXNativeTarget "WakeUpNow" */ = {
			isa = XCConfigurationList;
			buildConfigurations = (
				AB07669A2BF1C5C300CDA2D2 /* Debug */,
				AB07669B2BF1C5C300CDA2D2 /* Release */,
			);
			defaultConfigurationIsVisible = 0;
			defaultConfigurationName = Release;
		};
/* End XCConfigurationList section */

/* Begin XCRemoteSwiftPackageReference section */
		AB07669C2BF1C6E100CDA2D2 /* XCRemoteSwiftPackageReference "SnapKit" */ = {
			isa = XCRemoteSwiftPackageReference;
			repositoryURL = "https://github.com/SnapKit/SnapKit.git";
			requirement = {
				kind = upToNextMajorVersion;
				minimumVersion = 5.7.1;
			};
		};
/* End XCRemoteSwiftPackageReference section */

/* Begin XCSwiftPackageProductDependency section */
		AB07669D2BF1C6E100CDA2D2 /* SnapKit */ = {
			isa = XCSwiftPackageProductDependency;
			package = AB07669C2BF1C6E100CDA2D2 /* XCRemoteSwiftPackageReference "SnapKit" */;
			productName = SnapKit;
		};
/* End XCSwiftPackageProductDependency section */
	};
	rootObject = AB07667D2BF1C5C200CDA2D2 /* Project object */;
}
